version = 1
requires-python = ">=3.11"

[[package]]
name = "asgiref"
version = "3.8.1"
source = { registry = "https://pypi.org/simple" }
sdist = { url = "https://files.pythonhosted.org/packages/29/38/b3395cc9ad1b56d2ddac9970bc8f4141312dbaec28bc7c218b0dfafd0f42/asgiref-3.8.1.tar.gz", hash = "sha256:c343bd80a0bec947a9860adb4c432ffa7db769836c64238fc34bdc3fec84d590", size = 35186 }
wheels = [
    { url = "https://files.pythonhosted.org/packages/39/e3/893e8757be2612e6c266d9bb58ad2e3651524b5b40cf56761e985a28b13e/asgiref-3.8.1-py3-none-any.whl", hash = "sha256:3e1e3ecc849832fe52ccf2cb6686b7a55f82bb1d6aee72a58826471390335e47", size = 23828 },
]

[[package]]
name = "click"
version = "8.1.8"
source = { registry = "https://pypi.org/simple" }
dependencies = [
    { name = "colorama", marker = "sys_platform == 'win32'" },
]
sdist = { url = "https://files.pythonhosted.org/packages/b9/2e/0090cbf739cee7d23781ad4b89a9894a41538e4fcf4c31dcdd705b78eb8b/click-8.1.8.tar.gz", hash = "sha256:ed53c9d8990d83c2a27deae68e4ee337473f6330c040a31d4225c9574d16096a", size = 226593 }
wheels = [
    { url = "https://files.pythonhosted.org/packages/7e/d4/7ebdbd03970677812aac39c869717059dbb71a4cfc033ca6e5221787892c/click-8.1.8-py3-none-any.whl", hash = "sha256:63c132bbbed01578a06712a2d1f497bb62d9c1c0d329b7903a866228027263b2", size = 98188 },
]

[[package]]
name = "colorama"
version = "0.4.6"
source = { registry = "https://pypi.org/simple" }
sdist = { url = "https://files.pythonhosted.org/packages/d8/53/6f443c9a4a8358a93a6792e2acffb9d9d5cb0a5cfd8802644b7b1c9a02e4/colorama-0.4.6.tar.gz", hash = "sha256:08695f5cb7ed6e0531a20572697297273c47b8cae5a63ffc6d6ed5c201be6e44", size = 27697 }
wheels = [
    { url = "https://files.pythonhosted.org/packages/d1/d6/3965ed04c63042e047cb6a3e6ed1a63a35087b6a609aa3a15ed8ac56c221/colorama-0.4.6-py2.py3-none-any.whl", hash = "sha256:4f1d9991f5acc0ca119f9d443620b77f9d6b33703e51011c16baf57afb285fc6", size = 25335 },
]

[[package]]
name = "django"
version = "5.1.4"
source = { registry = "https://pypi.org/simple" }
dependencies = [
    { name = "asgiref" },
    { name = "sqlparse" },
    { name = "tzdata", marker = "sys_platform == 'win32'" },
]
sdist = { url = "https://files.pythonhosted.org/packages/d3/e8/536555596dbb79f6e77418aeb40bdc1758c26725aba31919ba449e6d5e6a/Django-5.1.4.tar.gz", hash = "sha256:de450c09e91879fa5a307f696e57c851955c910a438a35e6b4c895e86bedc82a", size = 10716397 }
wheels = [
    { url = "https://files.pythonhosted.org/packages/58/0b/8a4ab2c02982df4ed41e29f28f189459a7eba37899438e6bea7f39db793b/Django-5.1.4-py3-none-any.whl", hash = "sha256:236e023f021f5ce7dee5779de7b286565fdea5f4ab86bae5338e3f7b69896cf0", size = 8276471 },
]

[[package]]
name = "granian"
version = "1.7.4"
source = { registry = "https://pypi.org/simple" }
dependencies = [
    { name = "click" },
    { name = "uvloop", marker = "platform_python_implementation == 'CPython' and sys_platform != 'win32'" },
]
sdist = { url = "https://files.pythonhosted.org/packages/80/f0/901398f24683ef0f38788594f8a241893056ce12640ca125d15f74732f9d/granian-1.7.4.tar.gz", hash = "sha256:6c4a34919106269c36e200d39775ef5697e0e0c2c0ddbd78edbf1ebc71d2142c", size = 81446 }
wheels = [
    { url = "https://files.pythonhosted.org/packages/0b/e8/7c8d3be919c73fe3a5e80d08990c104557acf63d90fe14a77d95cc2f36fc/granian-1.7.4-cp311-cp311-macosx_10_12_x86_64.whl", hash = "sha256:f1a5bda4063dc00634efa8c66a4a8fb1c8b480df487f3f7968a3212b8c8ff5c2", size = 2503741 },
    { url = "https://files.pythonhosted.org/packages/de/88/3a6494970aaf5932995bc1ee00a59b9b0b7699663c599125761dcdbfcdde/granian-1.7.4-cp311-cp311-macosx_11_0_arm64.whl", hash = "sha256:a16c48d98e644278ab1f2de704c49155d63494831522d2e123c5d2adc990f444", size = 2248631 },
    { url = "https://files.pythonhosted.org/packages/c9/bd/ec6955d9ceffdb38f7724da7baa1c6fd0317c3cf57905538b8a16becc63b/granian-1.7.4-cp311-cp311-manylinux_2_17_aarch64.manylinux2014_aarch64.whl", hash = "sha256:9a52d1739b54edd389662037771a39384b449019d6fa3de2899c3d2ff7be7b9b", size = 2238645 },
    { url = "https://files.pythonhosted.org/packages/28/29/1e23bb0f47664c92eac07bfafc6aea2775106cccfedb75a83cbb3fdb477c/granian-1.7.4-cp311-cp311-manylinux_2_17_x86_64.manylinux2014_x86_64.whl", hash = "sha256:1fb3e25490144edc0a9c8e36c0ea133ac39114d3c91a910785d2417f5147e35e", size = 2373823 },
    { url = "https://files.pythonhosted.org/packages/81/0d/78bf7a4c102460acbcca1ded1f0d40f2ca12f6c3a8994021df880333cc17/granian-1.7.4-cp311-cp311-musllinux_1_1_aarch64.whl", hash = "sha256:826443f3b5af09c6a16f2326c7f2b9c850d75ddd88fc2b13c4ac2e834c97ef99", size = 2421882 },
    { url = "https://files.pythonhosted.org/packages/cb/d2/c37e73351ba981b315282b64c6c5249c8286d92f1b521f867d0e6f1a8c46/granian-1.7.4-cp311-cp311-musllinux_1_1_x86_64.whl", hash = "sha256:26d35014c424f82c44c58700d75376484779efd4779c2e2116580edd03b4a279", size = 2543132 },
    { url = "https://files.pythonhosted.org/packages/80/ea/e5846dfbfadfdb5987ee414b713e491445808a17029070e0f1f5557213ec/granian-1.7.4-cp311-cp311-win_amd64.whl", hash = "sha256:8656a50bae8e9bd1f39196a2b614a9ed8af29d5b6f4509acde0026bba5ab3f33", size = 2491540 },
    { url = "https://files.pythonhosted.org/packages/94/68/7cb8a770d4d7480acaccd6c15c056c196e3e26a82dc20c5252075a565817/granian-1.7.4-cp312-cp312-macosx_10_12_x86_64.whl", hash = "sha256:479ee3e06be5a981457654637d790e633dad52afb7277285d66113557c81a1fa", size = 2502524 },
    { url = "https://files.pythonhosted.org/packages/22/c7/c886b3af80bde1957bcca49fc94a2212371ac5189a57fe36ec7bffeafc08/granian-1.7.4-cp312-cp312-macosx_11_0_arm64.whl", hash = "sha256:bf32822aa9b1d4c29ecd2e2839f39a82a272e4e78edb0fc4db746627ea813fbb", size = 2246499 },
    { url = "https://files.pythonhosted.org/packages/36/93/7df0ef07004b686415e4d4c582ce249fad4db2426cb997701e81aabb3649/granian-1.7.4-cp312-cp312-manylinux_2_17_aarch64.manylinux2014_aarch64.whl", hash = "sha256:f23714848300450fc63f55d81e6ee020ad331d2f8e01c9a00064e396f94ff7fe", size = 2235609 },
    { url = "https://files.pythonhosted.org/packages/5d/21/9acff7efc8f2ade44f723d01373ba5d2553af378375d858ad2f6ef402a04/granian-1.7.4-cp312-cp312-manylinux_2_17_x86_64.manylinux2014_x86_64.whl", hash = "sha256:2fd59032c4a8adfd2d6c65280df7559e33f8a41805497fa044b5b49b61b9770b", size = 2372261 },
    { url = "https://files.pythonhosted.org/packages/c2/40/89b981fb16dcac933bd8ec540268135e37c7fdc2b6031af6c6979704cf72/granian-1.7.4-cp312-cp312-musllinux_1_1_aarch64.whl", hash = "sha256:06a4cb665ccb1b438ddfd4fa429a4278ad9a0e3178a1f730fc30d635182e7dc8", size = 2416691 },
    { url = "https://files.pythonhosted.org/packages/22/a3/c24ebb4d8be129cc66efa204e04be281e6750e12416cc5273bb506ef7039/granian-1.7.4-cp312-cp312-musllinux_1_1_x86_64.whl", hash = "sha256:3198b035beb2a0d7c994c64a80ea9c10e7c623780cab707b780736bace7d59fa", size = 2541686 },
    { url = "https://files.pythonhosted.org/packages/2f/fd/00c2ca36e1e3e4684c9cfddc6e04dd56928104607a591aa17566625d0638/granian-1.7.4-cp312-cp312-win_amd64.whl", hash = "sha256:c9052b3bd8b3c45e11b7d155e62d0284ade71b30ab251e2754a1b7784ee6e73d", size = 2487962 },
    { url = "https://files.pythonhosted.org/packages/b5/87/ae5ae88aa4d2e6a77ebdb085d028fa9a3a955586eae45127e4cb8b86c18e/granian-1.7.4-cp313-cp313-macosx_10_12_x86_64.whl", hash = "sha256:f87782469ffee2cbae3fcdf4c4b95488e1e4735a88d4e66dc817c66bac319781", size = 2502678 },
    { url = "https://files.pythonhosted.org/packages/dd/6f/713e9f1beffaa2707fc2075ccbbe5f0607678fa39c4ecb9d93e1019a5c9b/granian-1.7.4-cp313-cp313-macosx_11_0_arm64.whl", hash = "sha256:4737bba6dc9b395cc068cf4029639a25117b837db0cf99bfe1409d350a0f79e7", size = 2246543 },
    { url = "https://files.pythonhosted.org/packages/3e/c6/321831b4438724839035fe6fb8ff181c22497fb089d4c70c9bc9eee01f79/granian-1.7.4-cp313-cp313-manylinux_2_17_aarch64.manylinux2014_aarch64.whl", hash = "sha256:373dc337c3061123c68bb13dd2d5e9d9e2f708d92254d82a8419bfe468f162b1", size = 2235382 },
    { url = "https://files.pythonhosted.org/packages/48/b8/29bdc467502b343c0a14b847047fa81040940d554af7ea9d5fb8c87a8c68/granian-1.7.4-cp313-cp313-manylinux_2_17_x86_64.manylinux2014_x86_64.whl", hash = "sha256:fd8c519f0dc909e2ad557d42cc890afeda44b63069ce487618432b1f9819c5e5", size = 2372080 },
    { url = "https://files.pythonhosted.org/packages/6d/2c/1b3fef7b13d265605eea5eeccd883b9c95a8735758afd69474032259ed9d/granian-1.7.4-cp313-cp313-musllinux_1_1_aarch64.whl", hash = "sha256:62a62f77e943ee3a141d9d7993102983e84e7b352251b5940a561a9f6a5596b5", size = 2416673 },
    { url = "https://files.pythonhosted.org/packages/9d/cd/76ad604b34673d30f747abfa6571371091c0b1892f89182aba45ad6c3158/granian-1.7.4-cp313-cp313-musllinux_1_1_x86_64.whl", hash = "sha256:5059378ebcb8c9c3f0ba123effd35b93e9375474bfcf4bef6a1bfaac5a65d8ee", size = 2541671 },
    { url = "https://files.pythonhosted.org/packages/4e/cd/a1f65176d57776fbf82d48fe74722f906cf27e53bcbb41ff8d65250c2bdf/granian-1.7.4-cp313-cp313-win_amd64.whl", hash = "sha256:b0fc3144c21387e3128b485731f587e38ae066a91ebdd1e2e39d4bc84f6c0399", size = 2487918 },
]

[[package]]
name = "ruff"
version = "0.9.1"
source = { registry = "https://pypi.org/simple" }
sdist = { url = "https://files.pythonhosted.org/packages/67/3e/e89f736f01aa9517a97e2e7e0ce8d34a4d8207087b3cfdec95133fee13b5/ruff-0.9.1.tar.gz", hash = "sha256:fd2b25ecaf907d6458fa842675382c8597b3c746a2dde6717fe3415425df0c17", size = 3498844 }
wheels = [
    { url = "https://files.pythonhosted.org/packages/dc/05/c3a2e0feb3d5d394cdfd552de01df9d3ec8a3a3771bbff247fab7e668653/ruff-0.9.1-py3-none-linux_armv6l.whl", hash = "sha256:84330dda7abcc270e6055551aca93fdde1b0685fc4fd358f26410f9349cf1743", size = 10645241 },
    { url = "https://files.pythonhosted.org/packages/dd/da/59f0a40e5f88ee5c054ad175caaa2319fc96571e1d29ab4730728f2aad4f/ruff-0.9.1-py3-none-macosx_10_12_x86_64.whl", hash = "sha256:3cae39ba5d137054b0e5b472aee3b78a7c884e61591b100aeb544bcd1fc38d4f", size = 10391066 },
    { url = "https://files.pythonhosted.org/packages/b7/fe/85e1c1acf0ba04a3f2d54ae61073da030f7a5dc386194f96f3c6ca444a78/ruff-0.9.1-py3-none-macosx_11_0_arm64.whl", hash = "sha256:50c647ff96f4ba288db0ad87048257753733763b409b2faf2ea78b45c8bb7fcb", size = 10012308 },
    { url = "https://files.pythonhosted.org/packages/6f/9b/780aa5d4bdca8dcea4309264b8faa304bac30e1ce0bcc910422bfcadd203/ruff-0.9.1-py3-none-manylinux_2_17_aarch64.manylinux2014_aarch64.whl", hash = "sha256:f0c8b149e9c7353cace7d698e1656ffcf1e36e50f8ea3b5d5f7f87ff9986a7ca", size = 10881960 },
    { url = "https://files.pythonhosted.org/packages/12/f4/dac4361afbfe520afa7186439e8094e4884ae3b15c8fc75fb2e759c1f267/ruff-0.9.1-py3-none-manylinux_2_17_armv7l.manylinux2014_armv7l.whl", hash = "sha256:beb3298604540c884d8b282fe7625651378e1986c25df51dec5b2f60cafc31ce", size = 10414803 },
    { url = "https://files.pythonhosted.org/packages/f0/a2/057a3cb7999513cb78d6cb33a7d1cc6401c82d7332583786e4dad9e38e44/ruff-0.9.1-py3-none-manylinux_2_17_i686.manylinux2014_i686.whl", hash = "sha256:39d0174ccc45c439093971cc06ed3ac4dc545f5e8bdacf9f067adf879544d969", size = 11464929 },
    { url = "https://files.pythonhosted.org/packages/eb/c6/1ccfcc209bee465ced4874dcfeaadc88aafcc1ea9c9f31ef66f063c187f0/ruff-0.9.1-py3-none-manylinux_2_17_ppc64.manylinux2014_ppc64.whl", hash = "sha256:69572926c0f0c9912288915214ca9b2809525ea263603370b9e00bed2ba56dbd", size = 12170717 },
    { url = "https://files.pythonhosted.org/packages/84/97/4a524027518525c7cf6931e9fd3b2382be5e4b75b2b61bec02681a7685a5/ruff-0.9.1-py3-none-manylinux_2_17_ppc64le.manylinux2014_ppc64le.whl", hash = "sha256:937267afce0c9170d6d29f01fcd1f4378172dec6760a9f4dface48cdabf9610a", size = 11708921 },
    { url = "https://files.pythonhosted.org/packages/a6/a4/4e77cf6065c700d5593b25fca6cf725b1ab6d70674904f876254d0112ed0/ruff-0.9.1-py3-none-manylinux_2_17_s390x.manylinux2014_s390x.whl", hash = "sha256:186c2313de946f2c22bdf5954b8dd083e124bcfb685732cfb0beae0c47233d9b", size = 13058074 },
    { url = "https://files.pythonhosted.org/packages/f9/d6/fcb78e0531e863d0a952c4c5600cc5cd317437f0e5f031cd2288b117bb37/ruff-0.9.1-py3-none-manylinux_2_17_x86_64.manylinux2014_x86_64.whl", hash = "sha256:3f94942a3bb767675d9a051867c036655fe9f6c8a491539156a6f7e6b5f31831", size = 11281093 },
    { url = "https://files.pythonhosted.org/packages/e4/3b/7235bbeff00c95dc2d073cfdbf2b871b5bbf476754c5d277815d286b4328/ruff-0.9.1-py3-none-musllinux_1_2_aarch64.whl", hash = "sha256:728d791b769cc28c05f12c280f99e8896932e9833fef1dd8756a6af2261fd1ab", size = 10882610 },
    { url = "https://files.pythonhosted.org/packages/2a/66/5599d23257c61cf038137f82999ca8f9d0080d9d5134440a461bef85b461/ruff-0.9.1-py3-none-musllinux_1_2_armv7l.whl", hash = "sha256:2f312c86fb40c5c02b44a29a750ee3b21002bd813b5233facdaf63a51d9a85e1", size = 10489273 },
    { url = "https://files.pythonhosted.org/packages/78/85/de4aa057e2532db0f9761e2c2c13834991e087787b93e4aeb5f1cb10d2df/ruff-0.9.1-py3-none-musllinux_1_2_i686.whl", hash = "sha256:ae017c3a29bee341ba584f3823f805abbe5fe9cd97f87ed07ecbf533c4c88366", size = 11003314 },
    { url = "https://files.pythonhosted.org/packages/00/42/afedcaa089116d81447347f76041ff46025849fedb0ed2b187d24cf70fca/ruff-0.9.1-py3-none-musllinux_1_2_x86_64.whl", hash = "sha256:5dc40a378a0e21b4cfe2b8a0f1812a6572fc7b230ef12cd9fac9161aa91d807f", size = 11342982 },
    { url = "https://files.pythonhosted.org/packages/39/c6/fe45f3eb27e3948b41a305d8b768e949bf6a39310e9df73f6c576d7f1d9f/ruff-0.9.1-py3-none-win32.whl", hash = "sha256:46ebf5cc106cf7e7378ca3c28ce4293b61b449cd121b98699be727d40b79ba72", size = 8819750 },
    { url = "https://files.pythonhosted.org/packages/38/8d/580db77c3b9d5c3d9479e55b0b832d279c30c8f00ab0190d4cd8fc67831c/ruff-0.9.1-py3-none-win_amd64.whl", hash = "sha256:342a824b46ddbcdddd3abfbb332fa7fcaac5488bf18073e841236aadf4ad5c19", size = 9701331 },
    { url = "https://files.pythonhosted.org/packages/b2/94/0498cdb7316ed67a1928300dd87d659c933479f44dec51b4f62bfd1f8028/ruff-0.9.1-py3-none-win_arm64.whl", hash = "sha256:1cd76c7f9c679e6e8f2af8f778367dca82b95009bc7b1a85a47f1521ae524fa7", size = 9145708 },
]

[[package]]
name = "sqlparse"
version = "0.5.3"
source = { registry = "https://pypi.org/simple" }
sdist = { url = "https://files.pythonhosted.org/packages/e5/40/edede8dd6977b0d3da179a342c198ed100dd2aba4be081861ee5911e4da4/sqlparse-0.5.3.tar.gz", hash = "sha256:09f67787f56a0b16ecdbde1bfc7f5d9c3371ca683cfeaa8e6ff60b4807ec9272", size = 84999 }
wheels = [
    { url = "https://files.pythonhosted.org/packages/a9/5c/bfd6bd0bf979426d405cc6e71eceb8701b148b16c21d2dc3c261efc61c7b/sqlparse-0.5.3-py3-none-any.whl", hash = "sha256:cf2196ed3418f3ba5de6af7e82c694a9fbdbfecccdfc72e281548517081f16ca", size = 44415 },
]

[[package]]
name = "tzdata"
version = "2024.2"
source = { registry = "https://pypi.org/simple" }
sdist = { url = "https://files.pythonhosted.org/packages/e1/34/943888654477a574a86a98e9896bae89c7aa15078ec29f490fef2f1e5384/tzdata-2024.2.tar.gz", hash = "sha256:7d85cc416e9382e69095b7bdf4afd9e3880418a2413feec7069d533d6b4e31cc", size = 193282 }
wheels = [
    { url = "https://files.pythonhosted.org/packages/a6/ab/7e5f53c3b9d14972843a647d8d7a853969a58aecc7559cb3267302c94774/tzdata-2024.2-py2.py3-none-any.whl", hash = "sha256:a48093786cdcde33cad18c2555e8532f34422074448fbc874186f0abd79565cd", size = 346586 },
]

[[package]]
name = "uv-docker-example"
version = "0.1.0"
source = { virtual = "." }
dependencies = [
    { name = "django" },
    { name = "granian" },
]

[package.dev-dependencies]
dev = [
    { name = "ruff" },
]

[package.metadata]
requires-dist = [
    { name = "django", specifier = ">=5.1.4" },
    { name = "granian", specifier = ">=1.7.4" },
]

[package.metadata.requires-dev]
dev = [{ name = "ruff", specifier = ">=0.6.2" }]

[[package]]
name = "uvloop"
version = "0.21.0"
source = { registry = "https://pypi.org/simple" }
sdist = { url = "https://files.pythonhosted.org/packages/af/c0/854216d09d33c543f12a44b393c402e89a920b1a0a7dc634c42de91b9cf6/uvloop-0.21.0.tar.gz", hash = "sha256:3bf12b0fda68447806a7ad847bfa591613177275d35b6724b1ee573faa3704e3", size = 2492741 }
wheels = [
    { url = "https://files.pythonhosted.org/packages/57/a7/4cf0334105c1160dd6819f3297f8700fda7fc30ab4f61fbf3e725acbc7cc/uvloop-0.21.0-cp311-cp311-macosx_10_9_universal2.whl", hash = "sha256:c0f3fa6200b3108919f8bdabb9a7f87f20e7097ea3c543754cabc7d717d95cf8", size = 1447410 },
    { url = "https://files.pythonhosted.org/packages/8c/7c/1517b0bbc2dbe784b563d6ab54f2ef88c890fdad77232c98ed490aa07132/uvloop-0.21.0-cp311-cp311-macosx_10_9_x86_64.whl", hash = "sha256:0878c2640cf341b269b7e128b1a5fed890adc4455513ca710d77d5e93aa6d6a0", size = 805476 },
    { url = "https://files.pythonhosted.org/packages/ee/ea/0bfae1aceb82a503f358d8d2fa126ca9dbdb2ba9c7866974faec1cb5875c/uvloop-0.21.0-cp311-cp311-manylinux_2_17_aarch64.manylinux2014_aarch64.whl", hash = "sha256:b9fb766bb57b7388745d8bcc53a359b116b8a04c83a2288069809d2b3466c37e", size = 3960855 },
    { url = "https://files.pythonhosted.org/packages/8a/ca/0864176a649838b838f36d44bf31c451597ab363b60dc9e09c9630619d41/uvloop-0.21.0-cp311-cp311-manylinux_2_17_x86_64.manylinux2014_x86_64.whl", hash = "sha256:8a375441696e2eda1c43c44ccb66e04d61ceeffcd76e4929e527b7fa401b90fb", size = 3973185 },
    { url = "https://files.pythonhosted.org/packages/30/bf/08ad29979a936d63787ba47a540de2132169f140d54aa25bc8c3df3e67f4/uvloop-0.21.0-cp311-cp311-musllinux_1_2_aarch64.whl", hash = "sha256:baa0e6291d91649c6ba4ed4b2f982f9fa165b5bbd50a9e203c416a2797bab3c6", size = 3820256 },
    { url = "https://files.pythonhosted.org/packages/da/e2/5cf6ef37e3daf2f06e651aae5ea108ad30df3cb269102678b61ebf1fdf42/uvloop-0.21.0-cp311-cp311-musllinux_1_2_x86_64.whl", hash = "sha256:4509360fcc4c3bd2c70d87573ad472de40c13387f5fda8cb58350a1d7475e58d", size = 3937323 },
    { url = "https://files.pythonhosted.org/packages/8c/4c/03f93178830dc7ce8b4cdee1d36770d2f5ebb6f3d37d354e061eefc73545/uvloop-0.21.0-cp312-cp312-macosx_10_13_universal2.whl", hash = "sha256:359ec2c888397b9e592a889c4d72ba3d6befba8b2bb01743f72fffbde663b59c", size = 1471284 },
    { url = "https://files.pythonhosted.org/packages/43/3e/92c03f4d05e50f09251bd8b2b2b584a2a7f8fe600008bcc4523337abe676/uvloop-0.21.0-cp312-cp312-macosx_10_13_x86_64.whl", hash = "sha256:f7089d2dc73179ce5ac255bdf37c236a9f914b264825fdaacaded6990a7fb4c2", size = 821349 },
    { url = "https://files.pythonhosted.org/packages/a6/ef/a02ec5da49909dbbfb1fd205a9a1ac4e88ea92dcae885e7c961847cd51e2/uvloop-0.21.0-cp312-cp312-manylinux_2_17_aarch64.manylinux2014_aarch64.whl", hash = "sha256:baa4dcdbd9ae0a372f2167a207cd98c9f9a1ea1188a8a526431eef2f8116cc8d", size = 4580089 },
    { url = "https://files.pythonhosted.org/packages/06/a7/b4e6a19925c900be9f98bec0a75e6e8f79bb53bdeb891916609ab3958967/uvloop-0.21.0-cp312-cp312-manylinux_2_17_x86_64.manylinux2014_x86_64.whl", hash = "sha256:86975dca1c773a2c9864f4c52c5a55631038e387b47eaf56210f873887b6c8dc", size = 4693770 },
    { url = "https://files.pythonhosted.org/packages/ce/0c/f07435a18a4b94ce6bd0677d8319cd3de61f3a9eeb1e5f8ab4e8b5edfcb3/uvloop-0.21.0-cp312-cp312-musllinux_1_2_aarch64.whl", hash = "sha256:461d9ae6660fbbafedd07559c6a2e57cd553b34b0065b6550685f6653a98c1cb", size = 4451321 },
    { url = "https://files.pythonhosted.org/packages/8f/eb/f7032be105877bcf924709c97b1bf3b90255b4ec251f9340cef912559f28/uvloop-0.21.0-cp312-cp312-musllinux_1_2_x86_64.whl", hash = "sha256:183aef7c8730e54c9a3ee3227464daed66e37ba13040bb3f350bc2ddc040f22f", size = 4659022 },
    { url = "https://files.pythonhosted.org/packages/3f/8d/2cbef610ca21539f0f36e2b34da49302029e7c9f09acef0b1c3b5839412b/uvloop-0.21.0-cp313-cp313-macosx_10_13_universal2.whl", hash = "sha256:bfd55dfcc2a512316e65f16e503e9e450cab148ef11df4e4e679b5e8253a5281", size = 1468123 },
    { url = "https://files.pythonhosted.org/packages/93/0d/b0038d5a469f94ed8f2b2fce2434a18396d8fbfb5da85a0a9781ebbdec14/uvloop-0.21.0-cp313-cp313-macosx_10_13_x86_64.whl", hash = "sha256:787ae31ad8a2856fc4e7c095341cccc7209bd657d0e71ad0dc2ea83c4a6fa8af", size = 819325 },
    { url = "https://files.pythonhosted.org/packages/50/94/0a687f39e78c4c1e02e3272c6b2ccdb4e0085fda3b8352fecd0410ccf915/uvloop-0.21.0-cp313-cp313-manylinux_2_17_aarch64.manylinux2014_aarch64.whl", hash = "sha256:5ee4d4ef48036ff6e5cfffb09dd192c7a5027153948d85b8da7ff705065bacc6", size = 4582806 },
    { url = "https://files.pythonhosted.org/packages/d2/19/f5b78616566ea68edd42aacaf645adbf71fbd83fc52281fba555dc27e3f1/uvloop-0.21.0-cp313-cp313-manylinux_2_17_x86_64.manylinux2014_x86_64.whl", hash = "sha256:f3df876acd7ec037a3d005b3ab85a7e4110422e4d9c1571d4fc89b0fc41b6816", size = 4701068 },
    { url = "https://files.pythonhosted.org/packages/47/57/66f061ee118f413cd22a656de622925097170b9380b30091b78ea0c6ea75/uvloop-0.21.0-cp313-cp313-musllinux_1_2_aarch64.whl", hash = "sha256:bd53ecc9a0f3d87ab847503c2e1552b690362e005ab54e8a48ba97da3924c0dc", size = 4454428 },
    { url = "https://files.pythonhosted.org/packages/63/9a/0962b05b308494e3202d3f794a6e85abe471fe3cafdbcf95c2e8c713aabd/uvloop-0.21.0-cp313-cp313-musllinux_1_2_x86_64.whl", hash = "sha256:a5c39f217ab3c663dc699c04cbd50c13813e31d917642d459fdcec07555cc553", size = 4660018 },
]
